// !$*UTF8*$!
{
	archiveVersion = 1;
	classes = {
	};
	objectVersion = 56;
	objects = {

/* Begin PBXBuildFile section */
		0D08687E0F22D791A67AA46D /* Pods_PostsTests.framework in Frameworks */ = {isa = PBXBuildFile; fileRef = A7F27D830583AED69BF1A810 /* Pods_PostsTests.framework */; };
		478ED8F39A09F10F0AF32946 /* Pods_Posts_PostsUITests.framework in Frameworks */ = {isa = PBXBuildFile; fileRef = F7BD04E4C3DFF2EEA7F21D6B /* Pods_Posts_PostsUITests.framework */; };
		905575872D86260E00EAEFB1 /* LogInViewModel.swift in Sources */ = {isa = PBXBuildFile; fileRef = 905575862D86260E00EAEFB1 /* LogInViewModel.swift */; };
		905575892D86261E00EAEFB1 /* LogInView.swift in Sources */ = {isa = PBXBuildFile; fileRef = 905575882D86261E00EAEFB1 /* LogInView.swift */; };
		9055758B2D8627BA00EAEFB1 /* LogInUseCase.swift in Sources */ = {isa = PBXBuildFile; fileRef = 9055758A2D8627BA00EAEFB1 /* LogInUseCase.swift */; };
		9055758D2D86282E00EAEFB1 /* LogInToken.swift in Sources */ = {isa = PBXBuildFile; fileRef = 9055758C2D86282E00EAEFB1 /* LogInToken.swift */; };
		9055758F2D86287800EAEFB1 /* LogInRepository.swift in Sources */ = {isa = PBXBuildFile; fileRef = 9055758E2D86287800EAEFB1 /* LogInRepository.swift */; };
		905575912D86294B00EAEFB1 /* DefaultLogInRepository.swift in Sources */ = {isa = PBXBuildFile; fileRef = 905575902D86294B00EAEFB1 /* DefaultLogInRepository.swift */; };
		905575932D8629B100EAEFB1 /* LogInRequestDTO+Mapping.swift in Sources */ = {isa = PBXBuildFile; fileRef = 905575922D8629B100EAEFB1 /* LogInRequestDTO+Mapping.swift */; };
		905575952D862A1400EAEFB1 /* LogInResponseDTO+Mapping.swift in Sources */ = {isa = PBXBuildFile; fileRef = 905575942D862A1400EAEFB1 /* LogInResponseDTO+Mapping.swift */; };
		905575972D8630E200EAEFB1 /* LogInFlowCoordinator.swift in Sources */ = {isa = PBXBuildFile; fileRef = 905575962D8630E200EAEFB1 /* LogInFlowCoordinator.swift */; };
		905575992D8631B700EAEFB1 /* AuthSceneDIContainer.swift in Sources */ = {isa = PBXBuildFile; fileRef = 905575982D8631B700EAEFB1 /* AuthSceneDIContainer.swift */; };
		9063B7D52D8895070096F963 /* UserDataResponseStorage.swift in Sources */ = {isa = PBXBuildFile; fileRef = 9063B7D42D8895070096F963 /* UserDataResponseStorage.swift */; };
		9063B7D72D88951A0096F963 /* CoreDateUserResponseStorage.swift in Sources */ = {isa = PBXBuildFile; fileRef = 9063B7D62D88951A0096F963 /* CoreDateUserResponseStorage.swift */; };
		9063B7DA2D8896AD0096F963 /* CoreDataStorage.swift in Sources */ = {isa = PBXBuildFile; fileRef = 9063B7D92D8896AD0096F963 /* CoreDataStorage.swift */; };
		9063B7DD2D8896BA0096F963 /* CoreDataStorage.xcdatamodeld in Sources */ = {isa = PBXBuildFile; fileRef = 9063B7DB2D8896BA0096F963 /* CoreDataStorage.xcdatamodeld */; };
		9063B7E02D88981A0096F963 /* UserDataEntity+Mapping.swift in Sources */ = {isa = PBXBuildFile; fileRef = 9063B7DF2D88981A0096F963 /* UserDataEntity+Mapping.swift */; };
		9063B7E22D88B21C0096F963 /* FetchUserUseCase.swift in Sources */ = {isa = PBXBuildFile; fileRef = 9063B7E12D88B21C0096F963 /* FetchUserUseCase.swift */; };
		9063B7E52D88BB120096F963 /* LogInResponseStorage.swift in Sources */ = {isa = PBXBuildFile; fileRef = 9063B7E42D88BB120096F963 /* LogInResponseStorage.swift */; };
		9063B7E82D88BBFE0096F963 /* KeyChainStorage.swift in Sources */ = {isa = PBXBuildFile; fileRef = 9063B7E72D88BBFE0096F963 /* KeyChainStorage.swift */; };
		9063B7EB2D88BFDB0096F963 /* LogInEntityKCS+Mapping.swift in Sources */ = {isa = PBXBuildFile; fileRef = 9063B7EA2D88BFDB0096F963 /* LogInEntityKCS+Mapping.swift */; };
		9063B7ED2D88C07B0096F963 /* KeyChainLogInResponseStorage.swift in Sources */ = {isa = PBXBuildFile; fileRef = 9063B7EC2D88C07B0096F963 /* KeyChainLogInResponseStorage.swift */; };
		90692D682D8B86FD0081C7CB /* PostsListUseCaseMock.swift in Sources */ = {isa = PBXBuildFile; fileRef = 90692D672D8B86FD0081C7CB /* PostsListUseCaseMock.swift */; };
		90692D6A2D8B870D0081C7CB /* PostsRepositoryMock.swift in Sources */ = {isa = PBXBuildFile; fileRef = 90692D692D8B870D0081C7CB /* PostsRepositoryMock.swift */; };
		90692D6C2D8B871A0081C7CB /* NetworkServiceMock.swift in Sources */ = {isa = PBXBuildFile; fileRef = 90692D6B2D8B871A0081C7CB /* NetworkServiceMock.swift */; };
		90692D6E2D8B87260081C7CB /* UserDataResponseStorageMock.swift in Sources */ = {isa = PBXBuildFile; fileRef = 90692D6D2D8B87260081C7CB /* UserDataResponseStorageMock.swift */; };
		90692D712D8B87AF0081C7CB /* PostsListViewModelTest.swift in Sources */ = {isa = PBXBuildFile; fileRef = 90692D702D8B87AF0081C7CB /* PostsListViewModelTest.swift */; };
		90692D742D8B87FD0081C7CB /* DefaultPostRepositoryTest.swift in Sources */ = {isa = PBXBuildFile; fileRef = 90692D732D8B87FD0081C7CB /* DefaultPostRepositoryTest.swift */; };
		90692D772D8B88290081C7CB /* FetchPostsUseCaseTest.swift in Sources */ = {isa = PBXBuildFile; fileRef = 90692D762D8B88290081C7CB /* FetchPostsUseCaseTest.swift */; };
		906CA22D2D87466900D0B353 /* SearchPostsViewModel.swift in Sources */ = {isa = PBXBuildFile; fileRef = 906CA22C2D87466900D0B353 /* SearchPostsViewModel.swift */; };
		906CA22F2D87467700D0B353 /* SearchPostsView.swift in Sources */ = {isa = PBXBuildFile; fileRef = 906CA22E2D87467700D0B353 /* SearchPostsView.swift */; };
		906CA2312D8749FA00D0B353 /* SearchPostsUseCase.swift in Sources */ = {isa = PBXBuildFile; fileRef = 906CA2302D8749FA00D0B353 /* SearchPostsUseCase.swift */; };
		906CA2332D874A5400D0B353 /* SearchPostsRepository.swift in Sources */ = {isa = PBXBuildFile; fileRef = 906CA2322D874A5400D0B353 /* SearchPostsRepository.swift */; };
		906CA2352D874AF100D0B353 /* DefaultSearchPostsRepository.swift in Sources */ = {isa = PBXBuildFile; fileRef = 906CA2342D874AF100D0B353 /* DefaultSearchPostsRepository.swift */; };
		906CA2372D874B3C00D0B353 /* SearchPostsRequestDTO+Mapping.swift in Sources */ = {isa = PBXBuildFile; fileRef = 906CA2362D874B3C00D0B353 /* SearchPostsRequestDTO+Mapping.swift */; };
		906CA23C2D875CF900D0B353 /* ImagePreviewViewModel.swift in Sources */ = {isa = PBXBuildFile; fileRef = 906CA23B2D875CF900D0B353 /* ImagePreviewViewModel.swift */; };
		906CA23E2D875D0900D0B353 /* ImagePreviewView.swift in Sources */ = {isa = PBXBuildFile; fileRef = 906CA23D2D875D0900D0B353 /* ImagePreviewView.swift */; };
		906CA2402D876FB200D0B353 /* UserData.swift in Sources */ = {isa = PBXBuildFile; fileRef = 906CA23F2D876FB200D0B353 /* UserData.swift */; };
		906CA2422D87701000D0B353 /* FetchUserDataRequestDTO+Mapping.swift in Sources */ = {isa = PBXBuildFile; fileRef = 906CA2412D87701000D0B353 /* FetchUserDataRequestDTO+Mapping.swift */; };
		906CA2442D87721D00D0B353 /* FetchUserDataResponseDTO+Mapping.swift in Sources */ = {isa = PBXBuildFile; fileRef = 906CA2432D87721D00D0B353 /* FetchUserDataResponseDTO+Mapping.swift */; };
		906CA2462D87892300D0B353 /* FetchUserRepository.swift in Sources */ = {isa = PBXBuildFile; fileRef = 906CA2452D87892300D0B353 /* FetchUserRepository.swift */; };
		908E3DED2D841F9300D795DF /* AppDelegate.swift in Sources */ = {isa = PBXBuildFile; fileRef = 908E3DEC2D841F9300D795DF /* AppDelegate.swift */; };
		908E3DF12D841F9300D795DF /* ViewController.swift in Sources */ = {isa = PBXBuildFile; fileRef = 908E3DF02D841F9300D795DF /* ViewController.swift */; };
		908E3DF42D841F9300D795DF /* Main.storyboard in Resources */ = {isa = PBXBuildFile; fileRef = 908E3DF22D841F9300D795DF /* Main.storyboard */; };
		908E3DF62D841F9400D795DF /* Assets.xcassets in Resources */ = {isa = PBXBuildFile; fileRef = 908E3DF52D841F9400D795DF /* Assets.xcassets */; };
		908E3DF92D841F9400D795DF /* LaunchScreen.storyboard in Resources */ = {isa = PBXBuildFile; fileRef = 908E3DF72D841F9400D795DF /* LaunchScreen.storyboard */; };
		908E3E042D841F9500D795DF /* PostsTests.swift in Sources */ = {isa = PBXBuildFile; fileRef = 908E3E032D841F9500D795DF /* PostsTests.swift */; };
		908E3E0E2D841F9500D795DF /* PostsUITests.swift in Sources */ = {isa = PBXBuildFile; fileRef = 908E3E0D2D841F9500D795DF /* PostsUITests.swift */; };
		908E3E102D841F9500D795DF /* PostsUITestsLaunchTests.swift in Sources */ = {isa = PBXBuildFile; fileRef = 908E3E0F2D841F9500D795DF /* PostsUITestsLaunchTests.swift */; };
		908E3E1F2D84250200D795DF /* AppFlowCoordinator.swift in Sources */ = {isa = PBXBuildFile; fileRef = 908E3E1E2D84250200D795DF /* AppFlowCoordinator.swift */; };
		908E3E222D84253A00D795DF /* AppDIContainer.swift in Sources */ = {isa = PBXBuildFile; fileRef = 908E3E212D84253A00D795DF /* AppDIContainer.swift */; };
		908E3E262D842E6800D795DF /* NetworkConfig.swift in Sources */ = {isa = PBXBuildFile; fileRef = 908E3E252D842E6800D795DF /* NetworkConfig.swift */; };
		908E3E2B2D8447B200D795DF /* Post.swift in Sources */ = {isa = PBXBuildFile; fileRef = 908E3E2A2D8447B200D795DF /* Post.swift */; };
		908E3E2E2D844A9400D795DF /* PostsResponseDTO+Mapping.swift in Sources */ = {isa = PBXBuildFile; fileRef = 908E3E2D2D844A9400D795DF /* PostsResponseDTO+Mapping.swift */; };
		908E3E332D8454C600D795DF /* AppConfigurations.swift in Sources */ = {isa = PBXBuildFile; fileRef = 908E3E322D8454C600D795DF /* AppConfigurations.swift */; };
		908E3E352D84556100D795DF /* PostsSceneDIContainer.swift in Sources */ = {isa = PBXBuildFile; fileRef = 908E3E342D84556100D795DF /* PostsSceneDIContainer.swift */; };
		908E3E3A2D84565300D795DF /* PostsSceneFlowCoordinator.swift in Sources */ = {isa = PBXBuildFile; fileRef = 908E3E392D84565300D795DF /* PostsSceneFlowCoordinator.swift */; };
		908E3E3F2D84574E00D795DF /* PostsListViewModel.swift in Sources */ = {isa = PBXBuildFile; fileRef = 908E3E3E2D84574E00D795DF /* PostsListViewModel.swift */; };
		908E3E412D845E2400D795DF /* FetchPostsUseCase.swift in Sources */ = {isa = PBXBuildFile; fileRef = 908E3E402D845E2400D795DF /* FetchPostsUseCase.swift */; };
		909FCE6B2D857981002B131E /* PostsListView.swift in Sources */ = {isa = PBXBuildFile; fileRef = 909FCE6A2D857981002B131E /* PostsListView.swift */; };
		909FCE6D2D857B8F002B131E /* PostsListItemViewModel.swift in Sources */ = {isa = PBXBuildFile; fileRef = 909FCE6C2D857B8F002B131E /* PostsListItemViewModel.swift */; };
		909FCE6F2D858B29002B131E /* ApiEndPoints.swift in Sources */ = {isa = PBXBuildFile; fileRef = 909FCE6E2D858B29002B131E /* ApiEndPoints.swift */; };
		909FCE712D858BD5002B131E /* NetworkService.swift in Sources */ = {isa = PBXBuildFile; fileRef = 909FCE702D858BD5002B131E /* NetworkService.swift */; };
		909FCE732D858CD3002B131E /* EndPoint.swift in Sources */ = {isa = PBXBuildFile; fileRef = 909FCE722D858CD3002B131E /* EndPoint.swift */; };
		909FCE752D85A181002B131E /* PostsRequestDTO+Mapping.swift in Sources */ = {isa = PBXBuildFile; fileRef = 909FCE742D85A181002B131E /* PostsRequestDTO+Mapping.swift */; };
		909FCE772D85A49E002B131E /* DefaultPostsRepository.swift in Sources */ = {isa = PBXBuildFile; fileRef = 909FCE762D85A49E002B131E /* DefaultPostsRepository.swift */; };
		909FCE7A2D85A58F002B131E /* PostsRepository.swift in Sources */ = {isa = PBXBuildFile; fileRef = 909FCE792D85A58F002B131E /* PostsRepository.swift */; };
		90AE872D2D8977F100B4CB68 /* FullScreenLoadingView.swift in Sources */ = {isa = PBXBuildFile; fileRef = 90AE872C2D8977F100B4CB68 /* FullScreenLoadingView.swift */; };
		90AE872F2D897C8300B4CB68 /* PostListItemView.swift in Sources */ = {isa = PBXBuildFile; fileRef = 90AE872E2D897C8300B4CB68 /* PostListItemView.swift */; };
		90AE87312D8990C200B4CB68 /* ListLoadingView.swift in Sources */ = {isa = PBXBuildFile; fileRef = 90AE87302D8990C200B4CB68 /* ListLoadingView.swift */; };
		D6F3B212AED2AF6B1455F748 /* Pods_Posts.framework in Frameworks */ = {isa = PBXBuildFile; fileRef = 1DFCFB0B5E707E36E8AAC849 /* Pods_Posts.framework */; };
/* End PBXBuildFile section */

/* Begin PBXContainerItemProxy section */
		908E3E002D841F9500D795DF /* PBXContainerItemProxy */ = {
			isa = PBXContainerItemProxy;
			containerPortal = 908E3DE12D841F9300D795DF /* Project object */;
			proxyType = 1;
			remoteGlobalIDString = 908E3DE82D841F9300D795DF;
			remoteInfo = Posts;
		};
		908E3E0A2D841F9500D795DF /* PBXContainerItemProxy */ = {
			isa = PBXContainerItemProxy;
			containerPortal = 908E3DE12D841F9300D795DF /* Project object */;
			proxyType = 1;
			remoteGlobalIDString = 908E3DE82D841F9300D795DF;
			remoteInfo = Posts;
		};
/* End PBXContainerItemProxy section */

/* Begin PBXFileReference section */
		15CA91D93C3DDE08A5FB98CF /* Pods-Posts-PostsUITests.release.xcconfig */ = {isa = PBXFileReference; includeInIndex = 1; lastKnownFileType = text.xcconfig; name = "Pods-Posts-PostsUITests.release.xcconfig"; path = "Target Support Files/Pods-Posts-PostsUITests/Pods-Posts-PostsUITests.release.xcconfig"; sourceTree = "<group>"; };
		1DFCFB0B5E707E36E8AAC849 /* Pods_Posts.framework */ = {isa = PBXFileReference; explicitFileType = wrapper.framework; includeInIndex = 0; path = Pods_Posts.framework; sourceTree = BUILT_PRODUCTS_DIR; };
		46F853E402E9128A44F1E509 /* Pods-PostsTests.debug.xcconfig */ = {isa = PBXFileReference; includeInIndex = 1; lastKnownFileType = text.xcconfig; name = "Pods-PostsTests.debug.xcconfig"; path = "Target Support Files/Pods-PostsTests/Pods-PostsTests.debug.xcconfig"; sourceTree = "<group>"; };
		4DCC6910FAA37712D636C0A0 /* Pods-PostsTests.release.xcconfig */ = {isa = PBXFileReference; includeInIndex = 1; lastKnownFileType = text.xcconfig; name = "Pods-PostsTests.release.xcconfig"; path = "Target Support Files/Pods-PostsTests/Pods-PostsTests.release.xcconfig"; sourceTree = "<group>"; };
		84810BAAA0A82840167A9D56 /* Pods-Posts-PostsUITests.debug.xcconfig */ = {isa = PBXFileReference; includeInIndex = 1; lastKnownFileType = text.xcconfig; name = "Pods-Posts-PostsUITests.debug.xcconfig"; path = "Target Support Files/Pods-Posts-PostsUITests/Pods-Posts-PostsUITests.debug.xcconfig"; sourceTree = "<group>"; };
		905575862D86260E00EAEFB1 /* LogInViewModel.swift */ = {isa = PBXFileReference; lastKnownFileType = sourcecode.swift; path = LogInViewModel.swift; sourceTree = "<group>"; };
		905575882D86261E00EAEFB1 /* LogInView.swift */ = {isa = PBXFileReference; lastKnownFileType = sourcecode.swift; path = LogInView.swift; sourceTree = "<group>"; };
		9055758A2D8627BA00EAEFB1 /* LogInUseCase.swift */ = {isa = PBXFileReference; lastKnownFileType = sourcecode.swift; path = LogInUseCase.swift; sourceTree = "<group>"; };
		9055758C2D86282E00EAEFB1 /* LogInToken.swift */ = {isa = PBXFileReference; lastKnownFileType = sourcecode.swift; path = LogInToken.swift; sourceTree = "<group>"; };
		9055758E2D86287800EAEFB1 /* LogInRepository.swift */ = {isa = PBXFileReference; lastKnownFileType = sourcecode.swift; path = LogInRepository.swift; sourceTree = "<group>"; };
		905575902D86294B00EAEFB1 /* DefaultLogInRepository.swift */ = {isa = PBXFileReference; lastKnownFileType = sourcecode.swift; path = DefaultLogInRepository.swift; sourceTree = "<group>"; };
		905575922D8629B100EAEFB1 /* LogInRequestDTO+Mapping.swift */ = {isa = PBXFileReference; lastKnownFileType = sourcecode.swift; path = "LogInRequestDTO+Mapping.swift"; sourceTree = "<group>"; };
		905575942D862A1400EAEFB1 /* LogInResponseDTO+Mapping.swift */ = {isa = PBXFileReference; lastKnownFileType = sourcecode.swift; path = "LogInResponseDTO+Mapping.swift"; sourceTree = "<group>"; };
		905575962D8630E200EAEFB1 /* LogInFlowCoordinator.swift */ = {isa = PBXFileReference; lastKnownFileType = sourcecode.swift; path = LogInFlowCoordinator.swift; sourceTree = "<group>"; };
		905575982D8631B700EAEFB1 /* AuthSceneDIContainer.swift */ = {isa = PBXFileReference; lastKnownFileType = sourcecode.swift; path = AuthSceneDIContainer.swift; sourceTree = "<group>"; };
		9063B7D42D8895070096F963 /* UserDataResponseStorage.swift */ = {isa = PBXFileReference; lastKnownFileType = sourcecode.swift; path = UserDataResponseStorage.swift; sourceTree = "<group>"; };
		9063B7D62D88951A0096F963 /* CoreDateUserResponseStorage.swift */ = {isa = PBXFileReference; lastKnownFileType = sourcecode.swift; path = CoreDateUserResponseStorage.swift; sourceTree = "<group>"; };
		9063B7D92D8896AD0096F963 /* CoreDataStorage.swift */ = {isa = PBXFileReference; lastKnownFileType = sourcecode.swift; path = CoreDataStorage.swift; sourceTree = "<group>"; };
		9063B7DC2D8896BA0096F963 /* CoreDataStorage.xcdatamodel */ = {isa = PBXFileReference; lastKnownFileType = wrapper.xcdatamodel; path = CoreDataStorage.xcdatamodel; sourceTree = "<group>"; };
		9063B7DF2D88981A0096F963 /* UserDataEntity+Mapping.swift */ = {isa = PBXFileReference; lastKnownFileType = sourcecode.swift; path = "UserDataEntity+Mapping.swift"; sourceTree = "<group>"; };
		9063B7E12D88B21C0096F963 /* FetchUserUseCase.swift */ = {isa = PBXFileReference; lastKnownFileType = sourcecode.swift; path = FetchUserUseCase.swift; sourceTree = "<group>"; };
		9063B7E42D88BB120096F963 /* LogInResponseStorage.swift */ = {isa = PBXFileReference; lastKnownFileType = sourcecode.swift; path = LogInResponseStorage.swift; sourceTree = "<group>"; };
		9063B7E72D88BBFE0096F963 /* KeyChainStorage.swift */ = {isa = PBXFileReference; lastKnownFileType = sourcecode.swift; path = KeyChainStorage.swift; sourceTree = "<group>"; };
		9063B7EA2D88BFDB0096F963 /* LogInEntityKCS+Mapping.swift */ = {isa = PBXFileReference; lastKnownFileType = sourcecode.swift; path = "LogInEntityKCS+Mapping.swift"; sourceTree = "<group>"; };
		9063B7EC2D88C07B0096F963 /* KeyChainLogInResponseStorage.swift */ = {isa = PBXFileReference; lastKnownFileType = sourcecode.swift; path = KeyChainLogInResponseStorage.swift; sourceTree = "<group>"; };
		90692D672D8B86FD0081C7CB /* PostsListUseCaseMock.swift */ = {isa = PBXFileReference; lastKnownFileType = sourcecode.swift; path = PostsListUseCaseMock.swift; sourceTree = "<group>"; };
		90692D692D8B870D0081C7CB /* PostsRepositoryMock.swift */ = {isa = PBXFileReference; lastKnownFileType = sourcecode.swift; path = PostsRepositoryMock.swift; sourceTree = "<group>"; };
		90692D6B2D8B871A0081C7CB /* NetworkServiceMock.swift */ = {isa = PBXFileReference; lastKnownFileType = sourcecode.swift; path = NetworkServiceMock.swift; sourceTree = "<group>"; };
		90692D6D2D8B87260081C7CB /* UserDataResponseStorageMock.swift */ = {isa = PBXFileReference; lastKnownFileType = sourcecode.swift; path = UserDataResponseStorageMock.swift; sourceTree = "<group>"; };
		90692D702D8B87AF0081C7CB /* PostsListViewModelTest.swift */ = {isa = PBXFileReference; lastKnownFileType = sourcecode.swift; path = PostsListViewModelTest.swift; sourceTree = "<group>"; };
		90692D732D8B87FD0081C7CB /* DefaultPostRepositoryTest.swift */ = {isa = PBXFileReference; lastKnownFileType = sourcecode.swift; path = DefaultPostRepositoryTest.swift; sourceTree = "<group>"; };
		90692D762D8B88290081C7CB /* FetchPostsUseCaseTest.swift */ = {isa = PBXFileReference; lastKnownFileType = sourcecode.swift; path = FetchPostsUseCaseTest.swift; sourceTree = "<group>"; };
		906CA22C2D87466900D0B353 /* SearchPostsViewModel.swift */ = {isa = PBXFileReference; lastKnownFileType = sourcecode.swift; path = SearchPostsViewModel.swift; sourceTree = "<group>"; };
		906CA22E2D87467700D0B353 /* SearchPostsView.swift */ = {isa = PBXFileReference; lastKnownFileType = sourcecode.swift; path = SearchPostsView.swift; sourceTree = "<group>"; };
		906CA2302D8749FA00D0B353 /* SearchPostsUseCase.swift */ = {isa = PBXFileReference; lastKnownFileType = sourcecode.swift; path = SearchPostsUseCase.swift; sourceTree = "<group>"; };
		906CA2322D874A5400D0B353 /* SearchPostsRepository.swift */ = {isa = PBXFileReference; lastKnownFileType = sourcecode.swift; path = SearchPostsRepository.swift; sourceTree = "<group>"; };
		906CA2342D874AF100D0B353 /* DefaultSearchPostsRepository.swift */ = {isa = PBXFileReference; lastKnownFileType = sourcecode.swift; path = DefaultSearchPostsRepository.swift; sourceTree = "<group>"; };
		906CA2362D874B3C00D0B353 /* SearchPostsRequestDTO+Mapping.swift */ = {isa = PBXFileReference; lastKnownFileType = sourcecode.swift; path = "SearchPostsRequestDTO+Mapping.swift"; sourceTree = "<group>"; };
		906CA23B2D875CF900D0B353 /* ImagePreviewViewModel.swift */ = {isa = PBXFileReference; lastKnownFileType = sourcecode.swift; path = ImagePreviewViewModel.swift; sourceTree = "<group>"; };
		906CA23D2D875D0900D0B353 /* ImagePreviewView.swift */ = {isa = PBXFileReference; lastKnownFileType = sourcecode.swift; path = ImagePreviewView.swift; sourceTree = "<group>"; };
		906CA23F2D876FB200D0B353 /* UserData.swift */ = {isa = PBXFileReference; lastKnownFileType = sourcecode.swift; path = UserData.swift; sourceTree = "<group>"; };
		906CA2412D87701000D0B353 /* FetchUserDataRequestDTO+Mapping.swift */ = {isa = PBXFileReference; lastKnownFileType = sourcecode.swift; path = "FetchUserDataRequestDTO+Mapping.swift"; sourceTree = "<group>"; };
		906CA2432D87721D00D0B353 /* FetchUserDataResponseDTO+Mapping.swift */ = {isa = PBXFileReference; lastKnownFileType = sourcecode.swift; path = "FetchUserDataResponseDTO+Mapping.swift"; sourceTree = "<group>"; };
		906CA2452D87892300D0B353 /* FetchUserRepository.swift */ = {isa = PBXFileReference; lastKnownFileType = sourcecode.swift; path = FetchUserRepository.swift; sourceTree = "<group>"; };
		908E3DE92D841F9300D795DF /* Posts.app */ = {isa = PBXFileReference; explicitFileType = wrapper.application; includeInIndex = 0; path = Posts.app; sourceTree = BUILT_PRODUCTS_DIR; };
		908E3DEC2D841F9300D795DF /* AppDelegate.swift */ = {isa = PBXFileReference; lastKnownFileType = sourcecode.swift; path = AppDelegate.swift; sourceTree = "<group>"; };
		908E3DF02D841F9300D795DF /* ViewController.swift */ = {isa = PBXFileReference; lastKnownFileType = sourcecode.swift; path = ViewController.swift; sourceTree = "<group>"; };
		908E3DF32D841F9300D795DF /* Base */ = {isa = PBXFileReference; lastKnownFileType = file.storyboard; name = Base; path = Base.lproj/Main.storyboard; sourceTree = "<group>"; };
		908E3DF52D841F9400D795DF /* Assets.xcassets */ = {isa = PBXFileReference; lastKnownFileType = folder.assetcatalog; path = Assets.xcassets; sourceTree = "<group>"; };
		908E3DF82D841F9400D795DF /* Base */ = {isa = PBXFileReference; lastKnownFileType = file.storyboard; name = Base; path = Base.lproj/LaunchScreen.storyboard; sourceTree = "<group>"; };
		908E3DFA2D841F9400D795DF /* Info.plist */ = {isa = PBXFileReference; lastKnownFileType = text.plist.xml; path = Info.plist; sourceTree = "<group>"; };
		908E3DFF2D841F9500D795DF /* PostsTests.xctest */ = {isa = PBXFileReference; explicitFileType = wrapper.cfbundle; includeInIndex = 0; path = PostsTests.xctest; sourceTree = BUILT_PRODUCTS_DIR; };
		908E3E032D841F9500D795DF /* PostsTests.swift */ = {isa = PBXFileReference; lastKnownFileType = sourcecode.swift; path = PostsTests.swift; sourceTree = "<group>"; };
		908E3E092D841F9500D795DF /* PostsUITests.xctest */ = {isa = PBXFileReference; explicitFileType = wrapper.cfbundle; includeInIndex = 0; path = PostsUITests.xctest; sourceTree = BUILT_PRODUCTS_DIR; };
		908E3E0D2D841F9500D795DF /* PostsUITests.swift */ = {isa = PBXFileReference; lastKnownFileType = sourcecode.swift; path = PostsUITests.swift; sourceTree = "<group>"; };
		908E3E0F2D841F9500D795DF /* PostsUITestsLaunchTests.swift */ = {isa = PBXFileReference; lastKnownFileType = sourcecode.swift; path = PostsUITestsLaunchTests.swift; sourceTree = "<group>"; };
		908E3E1E2D84250200D795DF /* AppFlowCoordinator.swift */ = {isa = PBXFileReference; lastKnownFileType = sourcecode.swift; path = AppFlowCoordinator.swift; sourceTree = "<group>"; };
		908E3E212D84253A00D795DF /* AppDIContainer.swift */ = {isa = PBXFileReference; lastKnownFileType = sourcecode.swift; path = AppDIContainer.swift; sourceTree = "<group>"; };
		908E3E252D842E6800D795DF /* NetworkConfig.swift */ = {isa = PBXFileReference; lastKnownFileType = sourcecode.swift; path = NetworkConfig.swift; sourceTree = "<group>"; };
		908E3E2A2D8447B200D795DF /* Post.swift */ = {isa = PBXFileReference; lastKnownFileType = sourcecode.swift; path = Post.swift; sourceTree = "<group>"; };
		908E3E2D2D844A9400D795DF /* PostsResponseDTO+Mapping.swift */ = {isa = PBXFileReference; lastKnownFileType = sourcecode.swift; path = "PostsResponseDTO+Mapping.swift"; sourceTree = "<group>"; };
		908E3E322D8454C600D795DF /* AppConfigurations.swift */ = {isa = PBXFileReference; lastKnownFileType = sourcecode.swift; path = AppConfigurations.swift; sourceTree = "<group>"; };
		908E3E342D84556100D795DF /* PostsSceneDIContainer.swift */ = {isa = PBXFileReference; lastKnownFileType = sourcecode.swift; path = PostsSceneDIContainer.swift; sourceTree = "<group>"; };
		908E3E392D84565300D795DF /* PostsSceneFlowCoordinator.swift */ = {isa = PBXFileReference; lastKnownFileType = sourcecode.swift; path = PostsSceneFlowCoordinator.swift; sourceTree = "<group>"; };
		908E3E3E2D84574E00D795DF /* PostsListViewModel.swift */ = {isa = PBXFileReference; lastKnownFileType = sourcecode.swift; path = PostsListViewModel.swift; sourceTree = "<group>"; };
		908E3E402D845E2400D795DF /* FetchPostsUseCase.swift */ = {isa = PBXFileReference; lastKnownFileType = sourcecode.swift; path = FetchPostsUseCase.swift; sourceTree = "<group>"; };
		909FCE6A2D857981002B131E /* PostsListView.swift */ = {isa = PBXFileReference; lastKnownFileType = sourcecode.swift; path = PostsListView.swift; sourceTree = "<group>"; };
		909FCE6C2D857B8F002B131E /* PostsListItemViewModel.swift */ = {isa = PBXFileReference; lastKnownFileType = sourcecode.swift; path = PostsListItemViewModel.swift; sourceTree = "<group>"; };
		909FCE6E2D858B29002B131E /* ApiEndPoints.swift */ = {isa = PBXFileReference; lastKnownFileType = sourcecode.swift; path = ApiEndPoints.swift; sourceTree = "<group>"; };
		909FCE702D858BD5002B131E /* NetworkService.swift */ = {isa = PBXFileReference; lastKnownFileType = sourcecode.swift; path = NetworkService.swift; sourceTree = "<group>"; };
		909FCE722D858CD3002B131E /* EndPoint.swift */ = {isa = PBXFileReference; lastKnownFileType = sourcecode.swift; path = EndPoint.swift; sourceTree = "<group>"; };
		909FCE742D85A181002B131E /* PostsRequestDTO+Mapping.swift */ = {isa = PBXFileReference; lastKnownFileType = sourcecode.swift; path = "PostsRequestDTO+Mapping.swift"; sourceTree = "<group>"; };
		909FCE762D85A49E002B131E /* DefaultPostsRepository.swift */ = {isa = PBXFileReference; lastKnownFileType = sourcecode.swift; path = DefaultPostsRepository.swift; sourceTree = "<group>"; };
		909FCE792D85A58F002B131E /* PostsRepository.swift */ = {isa = PBXFileReference; lastKnownFileType = sourcecode.swift; path = PostsRepository.swift; sourceTree = "<group>"; };
		90AE872C2D8977F100B4CB68 /* FullScreenLoadingView.swift */ = {isa = PBXFileReference; lastKnownFileType = sourcecode.swift; path = FullScreenLoadingView.swift; sourceTree = "<group>"; };
		90AE872E2D897C8300B4CB68 /* PostListItemView.swift */ = {isa = PBXFileReference; lastKnownFileType = sourcecode.swift; path = PostListItemView.swift; sourceTree = "<group>"; };
		90AE87302D8990C200B4CB68 /* ListLoadingView.swift */ = {isa = PBXFileReference; lastKnownFileType = sourcecode.swift; path = ListLoadingView.swift; sourceTree = "<group>"; };
		A7F27D830583AED69BF1A810 /* Pods_PostsTests.framework */ = {isa = PBXFileReference; explicitFileType = wrapper.framework; includeInIndex = 0; path = Pods_PostsTests.framework; sourceTree = BUILT_PRODUCTS_DIR; };
		CA99135FD33052035C31186F /* Pods-Posts.release.xcconfig */ = {isa = PBXFileReference; includeInIndex = 1; lastKnownFileType = text.xcconfig; name = "Pods-Posts.release.xcconfig"; path = "Target Support Files/Pods-Posts/Pods-Posts.release.xcconfig"; sourceTree = "<group>"; };
		EA8D4461FE9E6BB350AC77B5 /* Pods-Posts.debug.xcconfig */ = {isa = PBXFileReference; includeInIndex = 1; lastKnownFileType = text.xcconfig; name = "Pods-Posts.debug.xcconfig"; path = "Target Support Files/Pods-Posts/Pods-Posts.debug.xcconfig"; sourceTree = "<group>"; };
		F7BD04E4C3DFF2EEA7F21D6B /* Pods_Posts_PostsUITests.framework */ = {isa = PBXFileReference; explicitFileType = wrapper.framework; includeInIndex = 0; path = Pods_Posts_PostsUITests.framework; sourceTree = BUILT_PRODUCTS_DIR; };
/* End PBXFileReference section */

/* Begin PBXFrameworksBuildPhase section */
		908E3DE62D841F9300D795DF /* Frameworks */ = {
			isa = PBXFrameworksBuildPhase;
			buildActionMask = 2147483647;
			files = (
				D6F3B212AED2AF6B1455F748 /* Pods_Posts.framework in Frameworks */,
			);
			runOnlyForDeploymentPostprocessing = 0;
		};
		908E3DFC2D841F9500D795DF /* Frameworks */ = {
			isa = PBXFrameworksBuildPhase;
			buildActionMask = 2147483647;
			files = (
				0D08687E0F22D791A67AA46D /* Pods_PostsTests.framework in Frameworks */,
			);
			runOnlyForDeploymentPostprocessing = 0;
		};
		908E3E062D841F9500D795DF /* Frameworks */ = {
			isa = PBXFrameworksBuildPhase;
			buildActionMask = 2147483647;
			files = (
				478ED8F39A09F10F0AF32946 /* Pods_Posts_PostsUITests.framework in Frameworks */,
			);
			runOnlyForDeploymentPostprocessing = 0;
		};
/* End PBXFrameworksBuildPhase section */

/* Begin PBXGroup section */
		0A13D2789183E294817F668E /* Frameworks */ = {
			isa = PBXGroup;
			children = (
				1DFCFB0B5E707E36E8AAC849 /* Pods_Posts.framework */,
				F7BD04E4C3DFF2EEA7F21D6B /* Pods_Posts_PostsUITests.framework */,
				A7F27D830583AED69BF1A810 /* Pods_PostsTests.framework */,
			);
			name = Frameworks;
			sourceTree = "<group>";
		};
		732E879F67B7A789C025A63D /* Pods */ = {
			isa = PBXGroup;
			children = (
				EA8D4461FE9E6BB350AC77B5 /* Pods-Posts.debug.xcconfig */,
				CA99135FD33052035C31186F /* Pods-Posts.release.xcconfig */,
				84810BAAA0A82840167A9D56 /* Pods-Posts-PostsUITests.debug.xcconfig */,
				15CA91D93C3DDE08A5FB98CF /* Pods-Posts-PostsUITests.release.xcconfig */,
				46F853E402E9128A44F1E509 /* Pods-PostsTests.debug.xcconfig */,
				4DCC6910FAA37712D636C0A0 /* Pods-PostsTests.release.xcconfig */,
			);
			path = Pods;
			sourceTree = "<group>";
		};
		905575812D8625AD00EAEFB1 /* AuthScene */ = {
			isa = PBXGroup;
			children = (
				905575822D8625BC00EAEFB1 /* Flows */,
				905575832D8625D800EAEFB1 /* LogIn */,
			);
			path = AuthScene;
			sourceTree = "<group>";
		};
		905575822D8625BC00EAEFB1 /* Flows */ = {
			isa = PBXGroup;
			children = (
				905575962D8630E200EAEFB1 /* LogInFlowCoordinator.swift */,
			);
			path = Flows;
			sourceTree = "<group>";
		};
		905575832D8625D800EAEFB1 /* LogIn */ = {
			isa = PBXGroup;
			children = (
				905575842D8625EC00EAEFB1 /* ViewModel */,
				905575852D8625F400EAEFB1 /* View */,
			);
			path = LogIn;
			sourceTree = "<group>";
		};
		905575842D8625EC00EAEFB1 /* ViewModel */ = {
			isa = PBXGroup;
			children = (
				905575862D86260E00EAEFB1 /* LogInViewModel.swift */,
			);
			path = ViewModel;
			sourceTree = "<group>";
		};
		905575852D8625F400EAEFB1 /* View */ = {
			isa = PBXGroup;
			children = (
				90AE872B2D8977E300B4CB68 /* SubViews */,
				905575882D86261E00EAEFB1 /* LogInView.swift */,
			);
			path = View;
			sourceTree = "<group>";
		};
		9063B7D22D8894050096F963 /* PersistentStorage */ = {
			isa = PBXGroup;
			children = (
				9063B7E32D88BAEF0096F963 /* LogInResponseStorage */,
				9063B7D32D88949B0096F963 /* UserDataResponseStorage */,
				9063B7D82D88967C0096F963 /* CoreDataStorage */,
				9063B7E62D88BBD80096F963 /* KeyChainStorage */,
			);
			path = PersistentStorage;
			sourceTree = "<group>";
		};
		9063B7D32D88949B0096F963 /* UserDataResponseStorage */ = {
			isa = PBXGroup;
			children = (
				9063B7D42D8895070096F963 /* UserDataResponseStorage.swift */,
				9063B7D62D88951A0096F963 /* CoreDateUserResponseStorage.swift */,
				9063B7DE2D8897E50096F963 /* EntityMapping */,
			);
			path = UserDataResponseStorage;
			sourceTree = "<group>";
		};
		9063B7D82D88967C0096F963 /* CoreDataStorage */ = {
			isa = PBXGroup;
			children = (
				9063B7D92D8896AD0096F963 /* CoreDataStorage.swift */,
				9063B7DB2D8896BA0096F963 /* CoreDataStorage.xcdatamodeld */,
			);
			path = CoreDataStorage;
			sourceTree = "<group>";
		};
		9063B7DE2D8897E50096F963 /* EntityMapping */ = {
			isa = PBXGroup;
			children = (
				9063B7DF2D88981A0096F963 /* UserDataEntity+Mapping.swift */,
			);
			path = EntityMapping;
			sourceTree = "<group>";
		};
		9063B7E32D88BAEF0096F963 /* LogInResponseStorage */ = {
			isa = PBXGroup;
			children = (
				9063B7E42D88BB120096F963 /* LogInResponseStorage.swift */,
				9063B7EC2D88C07B0096F963 /* KeyChainLogInResponseStorage.swift */,
				9063B7E92D88BF2A0096F963 /* EntityMapping */,
			);
			path = LogInResponseStorage;
			sourceTree = "<group>";
		};
		9063B7E62D88BBD80096F963 /* KeyChainStorage */ = {
			isa = PBXGroup;
			children = (
				9063B7E72D88BBFE0096F963 /* KeyChainStorage.swift */,
			);
			path = KeyChainStorage;
			sourceTree = "<group>";
		};
		9063B7E92D88BF2A0096F963 /* EntityMapping */ = {
			isa = PBXGroup;
			children = (
				9063B7EA2D88BFDB0096F963 /* LogInEntityKCS+Mapping.swift */,
			);
			path = EntityMapping;
			sourceTree = "<group>";
		};
		90692D632D8B86880081C7CB /* Mocks */ = {
			isa = PBXGroup;
			children = (
				90692D672D8B86FD0081C7CB /* PostsListUseCaseMock.swift */,
				90692D692D8B870D0081C7CB /* PostsRepositoryMock.swift */,
				90692D6B2D8B871A0081C7CB /* NetworkServiceMock.swift */,
				90692D6D2D8B87260081C7CB /* UserDataResponseStorageMock.swift */,
			);
			path = Mocks;
			sourceTree = "<group>";
		};
		90692D642D8B86900081C7CB /* Domain */ = {
			isa = PBXGroup;
			children = (
				90692D752D8B88150081C7CB /* UseCases */,
			);
			path = Domain;
			sourceTree = "<group>";
		};
		90692D652D8B86970081C7CB /* Data */ = {
			isa = PBXGroup;
			children = (
				90692D722D8B87EB0081C7CB /* Repositories */,
			);
			path = Data;
			sourceTree = "<group>";
		};
		90692D662D8B86AD0081C7CB /* Presentation */ = {
			isa = PBXGroup;
			children = (
				90692D6F2D8B87950081C7CB /* PostsScene */,
			);
			path = Presentation;
			sourceTree = "<group>";
		};
		90692D6F2D8B87950081C7CB /* PostsScene */ = {
			isa = PBXGroup;
			children = (
				90692D702D8B87AF0081C7CB /* PostsListViewModelTest.swift */,
			);
			path = PostsScene;
			sourceTree = "<group>";
		};
		90692D722D8B87EB0081C7CB /* Repositories */ = {
			isa = PBXGroup;
			children = (
				90692D732D8B87FD0081C7CB /* DefaultPostRepositoryTest.swift */,
			);
			path = Repositories;
			sourceTree = "<group>";
		};
		90692D752D8B88150081C7CB /* UseCases */ = {
			isa = PBXGroup;
			children = (
				90692D762D8B88290081C7CB /* FetchPostsUseCaseTest.swift */,
			);
			path = UseCases;
			sourceTree = "<group>";
		};
		906CA2292D87460D00D0B353 /* SearchPosts */ = {
			isa = PBXGroup;
			children = (
				906CA22A2D87464800D0B353 /* ViewModel */,
				906CA22B2D87465100D0B353 /* View */,
			);
			path = SearchPosts;
			sourceTree = "<group>";
		};
		906CA22A2D87464800D0B353 /* ViewModel */ = {
			isa = PBXGroup;
			children = (
				906CA22C2D87466900D0B353 /* SearchPostsViewModel.swift */,
			);
			path = ViewModel;
			sourceTree = "<group>";
		};
		906CA22B2D87465100D0B353 /* View */ = {
			isa = PBXGroup;
			children = (
				906CA22E2D87467700D0B353 /* SearchPostsView.swift */,
			);
			path = View;
			sourceTree = "<group>";
		};
		906CA2382D875BEF00D0B353 /* ImagePreview */ = {
			isa = PBXGroup;
			children = (
				906CA2392D875C0500D0B353 /* ViewModel */,
				906CA23A2D875C0C00D0B353 /* View */,
			);
			path = ImagePreview;
			sourceTree = "<group>";
		};
		906CA2392D875C0500D0B353 /* ViewModel */ = {
			isa = PBXGroup;
			children = (
				906CA23B2D875CF900D0B353 /* ImagePreviewViewModel.swift */,
			);
			path = ViewModel;
			sourceTree = "<group>";
		};
		906CA23A2D875C0C00D0B353 /* View */ = {
			isa = PBXGroup;
			children = (
				906CA23D2D875D0900D0B353 /* ImagePreviewView.swift */,
			);
			path = View;
			sourceTree = "<group>";
		};
		908E3DE02D841F9300D795DF = {
			isa = PBXGroup;
			children = (
				908E3DEB2D841F9300D795DF /* Posts */,
				908E3E022D841F9500D795DF /* PostsTests */,
				908E3E0C2D841F9500D795DF /* PostsUITests */,
				908E3DEA2D841F9300D795DF /* Products */,
				732E879F67B7A789C025A63D /* Pods */,
				0A13D2789183E294817F668E /* Frameworks */,
			);
			sourceTree = "<group>";
		};
		908E3DEA2D841F9300D795DF /* Products */ = {
			isa = PBXGroup;
			children = (
				908E3DE92D841F9300D795DF /* Posts.app */,
				908E3DFF2D841F9500D795DF /* PostsTests.xctest */,
				908E3E092D841F9500D795DF /* PostsUITests.xctest */,
			);
			name = Products;
			sourceTree = "<group>";
		};
		908E3DEB2D841F9300D795DF /* Posts */ = {
			isa = PBXGroup;
			children = (
				908E3E1C2D84243F00D795DF /* Application */,
				908E3E362D8455F600D795DF /* Presentation */,
				908E3E272D84445D00D795DF /* Domain */,
				908E3E2F2D8450DD00D795DF /* Data */,
				908E3E232D842E0F00D795DF /* Infrasturcture */,
				908E3E1D2D84246D00D795DF /* Resources */,
				908E3DF02D841F9300D795DF /* ViewController.swift */,
				908E3DF22D841F9300D795DF /* Main.storyboard */,
			);
			path = Posts;
			sourceTree = "<group>";
		};
		908E3E022D841F9500D795DF /* PostsTests */ = {
			isa = PBXGroup;
			children = (
				90692D632D8B86880081C7CB /* Mocks */,
				90692D662D8B86AD0081C7CB /* Presentation */,
				90692D642D8B86900081C7CB /* Domain */,
				90692D652D8B86970081C7CB /* Data */,
				908E3E032D841F9500D795DF /* PostsTests.swift */,
			);
			path = PostsTests;
			sourceTree = "<group>";
		};
		908E3E0C2D841F9500D795DF /* PostsUITests */ = {
			isa = PBXGroup;
			children = (
				908E3E0D2D841F9500D795DF /* PostsUITests.swift */,
				908E3E0F2D841F9500D795DF /* PostsUITestsLaunchTests.swift */,
			);
			path = PostsUITests;
			sourceTree = "<group>";
		};
		908E3E1C2D84243F00D795DF /* Application */ = {
			isa = PBXGroup;
			children = (
				908E3DEC2D841F9300D795DF /* AppDelegate.swift */,
				908E3E322D8454C600D795DF /* AppConfigurations.swift */,
				908E3E1E2D84250200D795DF /* AppFlowCoordinator.swift */,
				908E3E202D84251100D795DF /* DIContainer */,
			);
			path = Application;
			sourceTree = "<group>";
		};
		908E3E1D2D84246D00D795DF /* Resources */ = {
			isa = PBXGroup;
			children = (
				908E3DF52D841F9400D795DF /* Assets.xcassets */,
				908E3DF72D841F9400D795DF /* LaunchScreen.storyboard */,
				908E3DFA2D841F9400D795DF /* Info.plist */,
			);
			path = Resources;
			sourceTree = "<group>";
		};
		908E3E202D84251100D795DF /* DIContainer */ = {
			isa = PBXGroup;
			children = (
				908E3E212D84253A00D795DF /* AppDIContainer.swift */,
				905575982D8631B700EAEFB1 /* AuthSceneDIContainer.swift */,
				908E3E342D84556100D795DF /* PostsSceneDIContainer.swift */,
			);
			path = DIContainer;
			sourceTree = "<group>";
		};
		908E3E232D842E0F00D795DF /* Infrasturcture */ = {
			isa = PBXGroup;
			children = (
				908E3E242D842E4B00D795DF /* Network */,
			);
			path = Infrasturcture;
			sourceTree = "<group>";
		};
		908E3E242D842E4B00D795DF /* Network */ = {
			isa = PBXGroup;
			children = (
				909FCE702D858BD5002B131E /* NetworkService.swift */,
				908E3E252D842E6800D795DF /* NetworkConfig.swift */,
				909FCE722D858CD3002B131E /* EndPoint.swift */,
			);
			path = Network;
			sourceTree = "<group>";
		};
		908E3E272D84445D00D795DF /* Domain */ = {
			isa = PBXGroup;
			children = (
				908E3E282D84477C00D795DF /* Entities */,
				908E3E292D84479500D795DF /* UseCases */,
				909FCE782D85A570002B131E /* Interfaces */,
			);
			path = Domain;
			sourceTree = "<group>";
		};
		908E3E282D84477C00D795DF /* Entities */ = {
			isa = PBXGroup;
			children = (
				908E3E2A2D8447B200D795DF /* Post.swift */,
				9055758C2D86282E00EAEFB1 /* LogInToken.swift */,
				906CA23F2D876FB200D0B353 /* UserData.swift */,
			);
			path = Entities;
			sourceTree = "<group>";
		};
		908E3E292D84479500D795DF /* UseCases */ = {
			isa = PBXGroup;
			children = (
				9055758A2D8627BA00EAEFB1 /* LogInUseCase.swift */,
				908E3E402D845E2400D795DF /* FetchPostsUseCase.swift */,
				906CA2302D8749FA00D0B353 /* SearchPostsUseCase.swift */,
				9063B7E12D88B21C0096F963 /* FetchUserUseCase.swift */,
			);
			path = UseCases;
			sourceTree = "<group>";
		};
		908E3E2C2D84489C00D795DF /* DataMapping */ = {
			isa = PBXGroup;
			children = (
				905575922D8629B100EAEFB1 /* LogInRequestDTO+Mapping.swift */,
				905575942D862A1400EAEFB1 /* LogInResponseDTO+Mapping.swift */,
				909FCE742D85A181002B131E /* PostsRequestDTO+Mapping.swift */,
				908E3E2D2D844A9400D795DF /* PostsResponseDTO+Mapping.swift */,
				906CA2362D874B3C00D0B353 /* SearchPostsRequestDTO+Mapping.swift */,
				906CA2412D87701000D0B353 /* FetchUserDataRequestDTO+Mapping.swift */,
				906CA2432D87721D00D0B353 /* FetchUserDataResponseDTO+Mapping.swift */,
			);
			path = DataMapping;
			sourceTree = "<group>";
		};
		908E3E2F2D8450DD00D795DF /* Data */ = {
			isa = PBXGroup;
			children = (
				908E3E312D84511600D795DF /* Repositories */,
				908E3E302D8450F300D795DF /* Network */,
				9063B7D22D8894050096F963 /* PersistentStorage */,
			);
			path = Data;
			sourceTree = "<group>";
		};
		908E3E302D8450F300D795DF /* Network */ = {
			isa = PBXGroup;
			children = (
				909FCE6E2D858B29002B131E /* ApiEndPoints.swift */,
				908E3E2C2D84489C00D795DF /* DataMapping */,
			);
			path = Network;
			sourceTree = "<group>";
		};
		908E3E312D84511600D795DF /* Repositories */ = {
			isa = PBXGroup;
			children = (
				905575902D86294B00EAEFB1 /* DefaultLogInRepository.swift */,
				909FCE762D85A49E002B131E /* DefaultPostsRepository.swift */,
				906CA2342D874AF100D0B353 /* DefaultSearchPostsRepository.swift */,
			);
			path = Repositories;
			sourceTree = "<group>";
		};
		908E3E362D8455F600D795DF /* Presentation */ = {
			isa = PBXGroup;
			children = (
				905575812D8625AD00EAEFB1 /* AuthScene */,
				908E3E372D84561900D795DF /* PostsScene */,
			);
			path = Presentation;
			sourceTree = "<group>";
		};
		908E3E372D84561900D795DF /* PostsScene */ = {
			isa = PBXGroup;
			children = (
				908E3E382D84562E00D795DF /* Flows */,
				908E3E3B2D8456FF00D795DF /* PostsList */,
				906CA2292D87460D00D0B353 /* SearchPosts */,
				906CA2382D875BEF00D0B353 /* ImagePreview */,
			);
			path = PostsScene;
			sourceTree = "<group>";
		};
		908E3E382D84562E00D795DF /* Flows */ = {
			isa = PBXGroup;
			children = (
				908E3E392D84565300D795DF /* PostsSceneFlowCoordinator.swift */,
			);
			path = Flows;
			sourceTree = "<group>";
		};
		908E3E3B2D8456FF00D795DF /* PostsList */ = {
			isa = PBXGroup;
			children = (
				908E3E3C2D84572600D795DF /* ViewModel */,
				908E3E3D2D84572F00D795DF /* View */,
			);
			path = PostsList;
			sourceTree = "<group>";
		};
		908E3E3C2D84572600D795DF /* ViewModel */ = {
			isa = PBXGroup;
			children = (
				908E3E3E2D84574E00D795DF /* PostsListViewModel.swift */,
				909FCE6C2D857B8F002B131E /* PostsListItemViewModel.swift */,
			);
			path = ViewModel;
			sourceTree = "<group>";
		};
		908E3E3D2D84572F00D795DF /* View */ = {
			isa = PBXGroup;
			children = (
				909FCE7F2D85C781002B131E /* SubViews */,
				909FCE6A2D857981002B131E /* PostsListView.swift */,
			);
			path = View;
			sourceTree = "<group>";
		};
		909FCE782D85A570002B131E /* Interfaces */ = {
			isa = PBXGroup;
			children = (
				9055758E2D86287800EAEFB1 /* LogInRepository.swift */,
				909FCE792D85A58F002B131E /* PostsRepository.swift */,
				906CA2322D874A5400D0B353 /* SearchPostsRepository.swift */,
				906CA2452D87892300D0B353 /* FetchUserRepository.swift */,
			);
			path = Interfaces;
			sourceTree = "<group>";
		};
		909FCE7F2D85C781002B131E /* SubViews */ = {
			isa = PBXGroup;
			children = (
				90AE872E2D897C8300B4CB68 /* PostListItemView.swift */,
				90AE87302D8990C200B4CB68 /* ListLoadingView.swift */,
			);
			path = SubViews;
			sourceTree = "<group>";
		};
		90AE872B2D8977E300B4CB68 /* SubViews */ = {
			isa = PBXGroup;
			children = (
				90AE872C2D8977F100B4CB68 /* FullScreenLoadingView.swift */,
			);
			path = SubViews;
			sourceTree = "<group>";
		};
/* End PBXGroup section */

/* Begin PBXNativeTarget section */
		908E3DE82D841F9300D795DF /* Posts */ = {
			isa = PBXNativeTarget;
			buildConfigurationList = 908E3E132D841F9500D795DF /* Build configuration list for PBXNativeTarget "Posts" */;
			buildPhases = (
				583659254A0D77315BC65AEB /* [CP] Check Pods Manifest.lock */,
				908E3DE52D841F9300D795DF /* Sources */,
				908E3DE62D841F9300D795DF /* Frameworks */,
				908E3DE72D841F9300D795DF /* Resources */,
				D9A1083E3A4093E92A0235DD /* [CP] Embed Pods Frameworks */,
			);
			buildRules = (
			);
			dependencies = (
			);
			name = Posts;
			productName = Posts;
			productReference = 908E3DE92D841F9300D795DF /* Posts.app */;
			productType = "com.apple.product-type.application";
		};
		908E3DFE2D841F9500D795DF /* PostsTests */ = {
			isa = PBXNativeTarget;
			buildConfigurationList = 908E3E162D841F9500D795DF /* Build configuration list for PBXNativeTarget "PostsTests" */;
			buildPhases = (
				6ADEBE24D823C2D5E07F994C /* [CP] Check Pods Manifest.lock */,
				908E3DFB2D841F9500D795DF /* Sources */,
				908E3DFC2D841F9500D795DF /* Frameworks */,
				908E3DFD2D841F9500D795DF /* Resources */,
			);
			buildRules = (
			);
			dependencies = (
				908E3E012D841F9500D795DF /* PBXTargetDependency */,
			);
			name = PostsTests;
			productName = PostsTests;
			productReference = 908E3DFF2D841F9500D795DF /* PostsTests.xctest */;
			productType = "com.apple.product-type.bundle.unit-test";
		};
		908E3E082D841F9500D795DF /* PostsUITests */ = {
			isa = PBXNativeTarget;
			buildConfigurationList = 908E3E192D841F9500D795DF /* Build configuration list for PBXNativeTarget "PostsUITests" */;
			buildPhases = (
				8EBC2CA8FB71CDB84A753B72 /* [CP] Check Pods Manifest.lock */,
				908E3E052D841F9500D795DF /* Sources */,
				908E3E062D841F9500D795DF /* Frameworks */,
				908E3E072D841F9500D795DF /* Resources */,
				55B5D87488C53823757906D0 /* [CP] Embed Pods Frameworks */,
			);
			buildRules = (
			);
			dependencies = (
				908E3E0B2D841F9500D795DF /* PBXTargetDependency */,
			);
			name = PostsUITests;
			productName = PostsUITests;
			productReference = 908E3E092D841F9500D795DF /* PostsUITests.xctest */;
			productType = "com.apple.product-type.bundle.ui-testing";
		};
/* End PBXNativeTarget section */

/* Begin PBXProject section */
		908E3DE12D841F9300D795DF /* Project object */ = {
			isa = PBXProject;
			attributes = {
				BuildIndependentTargetsInParallel = 1;
				LastSwiftUpdateCheck = 1430;
				LastUpgradeCheck = 1430;
				TargetAttributes = {
					908E3DE82D841F9300D795DF = {
						CreatedOnToolsVersion = 14.3;
					};
					908E3DFE2D841F9500D795DF = {
						CreatedOnToolsVersion = 14.3;
						TestTargetID = 908E3DE82D841F9300D795DF;
					};
					908E3E082D841F9500D795DF = {
						CreatedOnToolsVersion = 14.3;
						TestTargetID = 908E3DE82D841F9300D795DF;
					};
				};
			};
			buildConfigurationList = 908E3DE42D841F9300D795DF /* Build configuration list for PBXProject "Posts" */;
			compatibilityVersion = "Xcode 14.0";
			developmentRegion = en;
			hasScannedForEncodings = 0;
			knownRegions = (
				en,
				Base,
			);
			mainGroup = 908E3DE02D841F9300D795DF;
			productRefGroup = 908E3DEA2D841F9300D795DF /* Products */;
			projectDirPath = "";
			projectRoot = "";
			targets = (
				908E3DE82D841F9300D795DF /* Posts */,
				908E3DFE2D841F9500D795DF /* PostsTests */,
				908E3E082D841F9500D795DF /* PostsUITests */,
			);
		};
/* End PBXProject section */

/* Begin PBXResourcesBuildPhase section */
		908E3DE72D841F9300D795DF /* Resources */ = {
			isa = PBXResourcesBuildPhase;
			buildActionMask = 2147483647;
			files = (
				908E3DF92D841F9400D795DF /* LaunchScreen.storyboard in Resources */,
				908E3DF62D841F9400D795DF /* Assets.xcassets in Resources */,
				908E3DF42D841F9300D795DF /* Main.storyboard in Resources */,
			);
			runOnlyForDeploymentPostprocessing = 0;
		};
		908E3DFD2D841F9500D795DF /* Resources */ = {
			isa = PBXResourcesBuildPhase;
			buildActionMask = 2147483647;
			files = (
			);
			runOnlyForDeploymentPostprocessing = 0;
		};
		908E3E072D841F9500D795DF /* Resources */ = {
			isa = PBXResourcesBuildPhase;
			buildActionMask = 2147483647;
			files = (
			);
			runOnlyForDeploymentPostprocessing = 0;
		};
/* End PBXResourcesBuildPhase section */

/* Begin PBXShellScriptBuildPhase section */
		55B5D87488C53823757906D0 /* [CP] Embed Pods Frameworks */ = {
			isa = PBXShellScriptBuildPhase;
			buildActionMask = 2147483647;
			files = (
			);
			inputFileListPaths = (
				"${PODS_ROOT}/Target Support Files/Pods-Posts-PostsUITests/Pods-Posts-PostsUITests-frameworks-${CONFIGURATION}-input-files.xcfilelist",
			);
			name = "[CP] Embed Pods Frameworks";
			outputFileListPaths = (
				"${PODS_ROOT}/Target Support Files/Pods-Posts-PostsUITests/Pods-Posts-PostsUITests-frameworks-${CONFIGURATION}-output-files.xcfilelist",
			);
			runOnlyForDeploymentPostprocessing = 0;
			shellPath = /bin/sh;
			shellScript = "\"${PODS_ROOT}/Target Support Files/Pods-Posts-PostsUITests/Pods-Posts-PostsUITests-frameworks.sh\"\n";
			showEnvVarsInLog = 0;
		};
		583659254A0D77315BC65AEB /* [CP] Check Pods Manifest.lock */ = {
			isa = PBXShellScriptBuildPhase;
			buildActionMask = 2147483647;
			files = (
			);
			inputFileListPaths = (
			);
			inputPaths = (
				"${PODS_PODFILE_DIR_PATH}/Podfile.lock",
				"${PODS_ROOT}/Manifest.lock",
			);
			name = "[CP] Check Pods Manifest.lock";
			outputFileListPaths = (
			);
			outputPaths = (
				"$(DERIVED_FILE_DIR)/Pods-Posts-checkManifestLockResult.txt",
			);
			runOnlyForDeploymentPostprocessing = 0;
			shellPath = /bin/sh;
			shellScript = "diff \"${PODS_PODFILE_DIR_PATH}/Podfile.lock\" \"${PODS_ROOT}/Manifest.lock\" > /dev/null\nif [ $? != 0 ] ; then\n    # print error to STDERR\n    echo \"error: The sandbox is not in sync with the Podfile.lock. Run 'pod install' or update your CocoaPods installation.\" >&2\n    exit 1\nfi\n# This output is used by Xcode 'outputs' to avoid re-running this script phase.\necho \"SUCCESS\" > \"${SCRIPT_OUTPUT_FILE_0}\"\n";
			showEnvVarsInLog = 0;
		};
		6ADEBE24D823C2D5E07F994C /* [CP] Check Pods Manifest.lock */ = {
			isa = PBXShellScriptBuildPhase;
			buildActionMask = 2147483647;
			files = (
			);
			inputFileListPaths = (
			);
			inputPaths = (
				"${PODS_PODFILE_DIR_PATH}/Podfile.lock",
				"${PODS_ROOT}/Manifest.lock",
			);
			name = "[CP] Check Pods Manifest.lock";
			outputFileListPaths = (
			);
			outputPaths = (
				"$(DERIVED_FILE_DIR)/Pods-PostsTests-checkManifestLockResult.txt",
			);
			runOnlyForDeploymentPostprocessing = 0;
			shellPath = /bin/sh;
			shellScript = "diff \"${PODS_PODFILE_DIR_PATH}/Podfile.lock\" \"${PODS_ROOT}/Manifest.lock\" > /dev/null\nif [ $? != 0 ] ; then\n    # print error to STDERR\n    echo \"error: The sandbox is not in sync with the Podfile.lock. Run 'pod install' or update your CocoaPods installation.\" >&2\n    exit 1\nfi\n# This output is used by Xcode 'outputs' to avoid re-running this script phase.\necho \"SUCCESS\" > \"${SCRIPT_OUTPUT_FILE_0}\"\n";
			showEnvVarsInLog = 0;
		};
		8EBC2CA8FB71CDB84A753B72 /* [CP] Check Pods Manifest.lock */ = {
			isa = PBXShellScriptBuildPhase;
			buildActionMask = 2147483647;
			files = (
			);
			inputFileListPaths = (
			);
			inputPaths = (
				"${PODS_PODFILE_DIR_PATH}/Podfile.lock",
				"${PODS_ROOT}/Manifest.lock",
			);
			name = "[CP] Check Pods Manifest.lock";
			outputFileListPaths = (
			);
			outputPaths = (
				"$(DERIVED_FILE_DIR)/Pods-Posts-PostsUITests-checkManifestLockResult.txt",
			);
			runOnlyForDeploymentPostprocessing = 0;
			shellPath = /bin/sh;
			shellScript = "diff \"${PODS_PODFILE_DIR_PATH}/Podfile.lock\" \"${PODS_ROOT}/Manifest.lock\" > /dev/null\nif [ $? != 0 ] ; then\n    # print error to STDERR\n    echo \"error: The sandbox is not in sync with the Podfile.lock. Run 'pod install' or update your CocoaPods installation.\" >&2\n    exit 1\nfi\n# This output is used by Xcode 'outputs' to avoid re-running this script phase.\necho \"SUCCESS\" > \"${SCRIPT_OUTPUT_FILE_0}\"\n";
			showEnvVarsInLog = 0;
		};
		D9A1083E3A4093E92A0235DD /* [CP] Embed Pods Frameworks */ = {
			isa = PBXShellScriptBuildPhase;
			buildActionMask = 2147483647;
			files = (
			);
			inputFileListPaths = (
				"${PODS_ROOT}/Target Support Files/Pods-Posts/Pods-Posts-frameworks-${CONFIGURATION}-input-files.xcfilelist",
			);
			name = "[CP] Embed Pods Frameworks";
			outputFileListPaths = (
				"${PODS_ROOT}/Target Support Files/Pods-Posts/Pods-Posts-frameworks-${CONFIGURATION}-output-files.xcfilelist",
			);
			runOnlyForDeploymentPostprocessing = 0;
			shellPath = /bin/sh;
			shellScript = "\"${PODS_ROOT}/Target Support Files/Pods-Posts/Pods-Posts-frameworks.sh\"\n";
			showEnvVarsInLog = 0;
		};
/* End PBXShellScriptBuildPhase section */

/* Begin PBXSourcesBuildPhase section */
		908E3DE52D841F9300D795DF /* Sources */ = {
			isa = PBXSourcesBuildPhase;
			buildActionMask = 2147483647;
			files = (
				909FCE6B2D857981002B131E /* PostsListView.swift in Sources */,
				908E3E3F2D84574E00D795DF /* PostsListViewModel.swift in Sources */,
				905575872D86260E00EAEFB1 /* LogInViewModel.swift in Sources */,
				909FCE6D2D857B8F002B131E /* PostsListItemViewModel.swift in Sources */,
				908E3E1F2D84250200D795DF /* AppFlowCoordinator.swift in Sources */,
				9063B7E82D88BBFE0096F963 /* KeyChainStorage.swift in Sources */,
				905575912D86294B00EAEFB1 /* DefaultLogInRepository.swift in Sources */,
				905575992D8631B700EAEFB1 /* AuthSceneDIContainer.swift in Sources */,
				90AE872D2D8977F100B4CB68 /* FullScreenLoadingView.swift in Sources */,
				9055758F2D86287800EAEFB1 /* LogInRepository.swift in Sources */,
				908E3E412D845E2400D795DF /* FetchPostsUseCase.swift in Sources */,
				909FCE712D858BD5002B131E /* NetworkService.swift in Sources */,
				9063B7E02D88981A0096F963 /* UserDataEntity+Mapping.swift in Sources */,
				906CA2372D874B3C00D0B353 /* SearchPostsRequestDTO+Mapping.swift in Sources */,
				909FCE752D85A181002B131E /* PostsRequestDTO+Mapping.swift in Sources */,
				908E3DF12D841F9300D795DF /* ViewController.swift in Sources */,
				9063B7D52D8895070096F963 /* UserDataResponseStorage.swift in Sources */,
				905575892D86261E00EAEFB1 /* LogInView.swift in Sources */,
				906CA2332D874A5400D0B353 /* SearchPostsRepository.swift in Sources */,
				908E3E262D842E6800D795DF /* NetworkConfig.swift in Sources */,
				90AE872F2D897C8300B4CB68 /* PostListItemView.swift in Sources */,
				906CA2422D87701000D0B353 /* FetchUserDataRequestDTO+Mapping.swift in Sources */,
				909FCE7A2D85A58F002B131E /* PostsRepository.swift in Sources */,
				905575972D8630E200EAEFB1 /* LogInFlowCoordinator.swift in Sources */,
				906CA2402D876FB200D0B353 /* UserData.swift in Sources */,
				906CA22D2D87466900D0B353 /* SearchPostsViewModel.swift in Sources */,
				909FCE772D85A49E002B131E /* DefaultPostsRepository.swift in Sources */,
				908E3E222D84253A00D795DF /* AppDIContainer.swift in Sources */,
				906CA2312D8749FA00D0B353 /* SearchPostsUseCase.swift in Sources */,
				9063B7DD2D8896BA0096F963 /* CoreDataStorage.xcdatamodeld in Sources */,
				9063B7E22D88B21C0096F963 /* FetchUserUseCase.swift in Sources */,
				9063B7EB2D88BFDB0096F963 /* LogInEntityKCS+Mapping.swift in Sources */,
				908E3E3A2D84565300D795DF /* PostsSceneFlowCoordinator.swift in Sources */,
				9063B7ED2D88C07B0096F963 /* KeyChainLogInResponseStorage.swift in Sources */,
				9055758B2D8627BA00EAEFB1 /* LogInUseCase.swift in Sources */,
				908E3DED2D841F9300D795DF /* AppDelegate.swift in Sources */,
				908E3E2B2D8447B200D795DF /* Post.swift in Sources */,
				9063B7E52D88BB120096F963 /* LogInResponseStorage.swift in Sources */,
				905575932D8629B100EAEFB1 /* LogInRequestDTO+Mapping.swift in Sources */,
				9063B7DA2D8896AD0096F963 /* CoreDataStorage.swift in Sources */,
				90AE87312D8990C200B4CB68 /* ListLoadingView.swift in Sources */,
				909FCE732D858CD3002B131E /* EndPoint.swift in Sources */,
				909FCE6F2D858B29002B131E /* ApiEndPoints.swift in Sources */,
				906CA22F2D87467700D0B353 /* SearchPostsView.swift in Sources */,
				9063B7D72D88951A0096F963 /* CoreDateUserResponseStorage.swift in Sources */,
				905575952D862A1400EAEFB1 /* LogInResponseDTO+Mapping.swift in Sources */,
				906CA2462D87892300D0B353 /* FetchUserRepository.swift in Sources */,
				908E3E352D84556100D795DF /* PostsSceneDIContainer.swift in Sources */,
				908E3E332D8454C600D795DF /* AppConfigurations.swift in Sources */,
				906CA2352D874AF100D0B353 /* DefaultSearchPostsRepository.swift in Sources */,
				908E3E2E2D844A9400D795DF /* PostsResponseDTO+Mapping.swift in Sources */,
				9055758D2D86282E00EAEFB1 /* LogInToken.swift in Sources */,
				906CA2442D87721D00D0B353 /* FetchUserDataResponseDTO+Mapping.swift in Sources */,
				906CA23E2D875D0900D0B353 /* ImagePreviewView.swift in Sources */,
				906CA23C2D875CF900D0B353 /* ImagePreviewViewModel.swift in Sources */,
			);
			runOnlyForDeploymentPostprocessing = 0;
		};
		908E3DFB2D841F9500D795DF /* Sources */ = {
			isa = PBXSourcesBuildPhase;
			buildActionMask = 2147483647;
			files = (
				90692D712D8B87AF0081C7CB /* PostsListViewModelTest.swift in Sources */,
				90692D6E2D8B87260081C7CB /* UserDataResponseStorageMock.swift in Sources */,
				90692D772D8B88290081C7CB /* FetchPostsUseCaseTest.swift in Sources */,
				90692D6C2D8B871A0081C7CB /* NetworkServiceMock.swift in Sources */,
				908E3E042D841F9500D795DF /* PostsTests.swift in Sources */,
				90692D682D8B86FD0081C7CB /* PostsListUseCaseMock.swift in Sources */,
				90692D742D8B87FD0081C7CB /* DefaultPostRepositoryTest.swift in Sources */,
				90692D6A2D8B870D0081C7CB /* PostsRepositoryMock.swift in Sources */,
			);
			runOnlyForDeploymentPostprocessing = 0;
		};
		908E3E052D841F9500D795DF /* Sources */ = {
			isa = PBXSourcesBuildPhase;
			buildActionMask = 2147483647;
			files = (
				908E3E102D841F9500D795DF /* PostsUITestsLaunchTests.swift in Sources */,
				908E3E0E2D841F9500D795DF /* PostsUITests.swift in Sources */,
			);
			runOnlyForDeploymentPostprocessing = 0;
		};
/* End PBXSourcesBuildPhase section */

/* Begin PBXTargetDependency section */
		908E3E012D841F9500D795DF /* PBXTargetDependency */ = {
			isa = PBXTargetDependency;
			target = 908E3DE82D841F9300D795DF /* Posts */;
			targetProxy = 908E3E002D841F9500D795DF /* PBXContainerItemProxy */;
		};
		908E3E0B2D841F9500D795DF /* PBXTargetDependency */ = {
			isa = PBXTargetDependency;
			target = 908E3DE82D841F9300D795DF /* Posts */;
			targetProxy = 908E3E0A2D841F9500D795DF /* PBXContainerItemProxy */;
		};
/* End PBXTargetDependency section */

/* Begin PBXVariantGroup section */
		908E3DF22D841F9300D795DF /* Main.storyboard */ = {
			isa = PBXVariantGroup;
			children = (
				908E3DF32D841F9300D795DF /* Base */,
			);
			name = Main.storyboard;
			sourceTree = "<group>";
		};
		908E3DF72D841F9400D795DF /* LaunchScreen.storyboard */ = {
			isa = PBXVariantGroup;
			children = (
				908E3DF82D841F9400D795DF /* Base */,
			);
			name = LaunchScreen.storyboard;
			sourceTree = "<group>";
		};
/* End PBXVariantGroup section */

/* Begin XCBuildConfiguration section */
		908E3E112D841F9500D795DF /* Debug */ = {
			isa = XCBuildConfiguration;
			buildSettings = {
				ALWAYS_SEARCH_USER_PATHS = NO;
				CLANG_ANALYZER_NONNULL = YES;
				CLANG_ANALYZER_NUMBER_OBJECT_CONVERSION = YES_AGGRESSIVE;
				CLANG_CXX_LANGUAGE_STANDARD = "gnu++20";
				CLANG_ENABLE_MODULES = YES;
				CLANG_ENABLE_OBJC_ARC = YES;
				CLANG_ENABLE_OBJC_WEAK = YES;
				CLANG_WARN_BLOCK_CAPTURE_AUTORELEASING = YES;
				CLANG_WARN_BOOL_CONVERSION = YES;
				CLANG_WARN_COMMA = YES;
				CLANG_WARN_CONSTANT_CONVERSION = YES;
				CLANG_WARN_DEPRECATED_OBJC_IMPLEMENTATIONS = YES;
				CLANG_WARN_DIRECT_OBJC_ISA_USAGE = YES_ERROR;
				CLANG_WARN_DOCUMENTATION_COMMENTS = YES;
				CLANG_WARN_EMPTY_BODY = YES;
				CLANG_WARN_ENUM_CONVERSION = YES;
				CLANG_WARN_INFINITE_RECURSION = YES;
				CLANG_WARN_INT_CONVERSION = YES;
				CLANG_WARN_NON_LITERAL_NULL_CONVERSION = YES;
				CLANG_WARN_OBJC_IMPLICIT_RETAIN_SELF = YES;
				CLANG_WARN_OBJC_LITERAL_CONVERSION = YES;
				CLANG_WARN_OBJC_ROOT_CLASS = YES_ERROR;
				CLANG_WARN_QUOTED_INCLUDE_IN_FRAMEWORK_HEADER = YES;
				CLANG_WARN_RANGE_LOOP_ANALYSIS = YES;
				CLANG_WARN_STRICT_PROTOTYPES = YES;
				CLANG_WARN_SUSPICIOUS_MOVE = YES;
				CLANG_WARN_UNGUARDED_AVAILABILITY = YES_AGGRESSIVE;
				CLANG_WARN_UNREACHABLE_CODE = YES;
				CLANG_WARN__DUPLICATE_METHOD_MATCH = YES;
				COPY_PHASE_STRIP = NO;
				DEBUG_INFORMATION_FORMAT = dwarf;
				ENABLE_STRICT_OBJC_MSGSEND = YES;
				ENABLE_TESTABILITY = YES;
				GCC_C_LANGUAGE_STANDARD = gnu11;
				GCC_DYNAMIC_NO_PIC = NO;
				GCC_NO_COMMON_BLOCKS = YES;
				GCC_OPTIMIZATION_LEVEL = 0;
				GCC_PREPROCESSOR_DEFINITIONS = (
					"DEBUG=1",
					"$(inherited)",
				);
				GCC_WARN_64_TO_32_BIT_CONVERSION = YES;
				GCC_WARN_ABOUT_RETURN_TYPE = YES_ERROR;
				GCC_WARN_UNDECLARED_SELECTOR = YES;
				GCC_WARN_UNINITIALIZED_AUTOS = YES_AGGRESSIVE;
				GCC_WARN_UNUSED_FUNCTION = YES;
				GCC_WARN_UNUSED_VARIABLE = YES;
				IPHONEOS_DEPLOYMENT_TARGET = 16.4;
				MTL_ENABLE_DEBUG_INFO = INCLUDE_SOURCE;
				MTL_FAST_MATH = YES;
				ONLY_ACTIVE_ARCH = YES;
				SDKROOT = iphoneos;
				SWIFT_ACTIVE_COMPILATION_CONDITIONS = DEBUG;
				SWIFT_OPTIMIZATION_LEVEL = "-Onone";
			};
			name = Debug;
		};
		908E3E122D841F9500D795DF /* Release */ = {
			isa = XCBuildConfiguration;
			buildSettings = {
				ALWAYS_SEARCH_USER_PATHS = NO;
				CLANG_ANALYZER_NONNULL = YES;
				CLANG_ANALYZER_NUMBER_OBJECT_CONVERSION = YES_AGGRESSIVE;
				CLANG_CXX_LANGUAGE_STANDARD = "gnu++20";
				CLANG_ENABLE_MODULES = YES;
				CLANG_ENABLE_OBJC_ARC = YES;
				CLANG_ENABLE_OBJC_WEAK = YES;
				CLANG_WARN_BLOCK_CAPTURE_AUTORELEASING = YES;
				CLANG_WARN_BOOL_CONVERSION = YES;
				CLANG_WARN_COMMA = YES;
				CLANG_WARN_CONSTANT_CONVERSION = YES;
				CLANG_WARN_DEPRECATED_OBJC_IMPLEMENTATIONS = YES;
				CLANG_WARN_DIRECT_OBJC_ISA_USAGE = YES_ERROR;
				CLANG_WARN_DOCUMENTATION_COMMENTS = YES;
				CLANG_WARN_EMPTY_BODY = YES;
				CLANG_WARN_ENUM_CONVERSION = YES;
				CLANG_WARN_INFINITE_RECURSION = YES;
				CLANG_WARN_INT_CONVERSION = YES;
				CLANG_WARN_NON_LITERAL_NULL_CONVERSION = YES;
				CLANG_WARN_OBJC_IMPLICIT_RETAIN_SELF = YES;
				CLANG_WARN_OBJC_LITERAL_CONVERSION = YES;
				CLANG_WARN_OBJC_ROOT_CLASS = YES_ERROR;
				CLANG_WARN_QUOTED_INCLUDE_IN_FRAMEWORK_HEADER = YES;
				CLANG_WARN_RANGE_LOOP_ANALYSIS = YES;
				CLANG_WARN_STRICT_PROTOTYPES = YES;
				CLANG_WARN_SUSPICIOUS_MOVE = YES;
				CLANG_WARN_UNGUARDED_AVAILABILITY = YES_AGGRESSIVE;
				CLANG_WARN_UNREACHABLE_CODE = YES;
				CLANG_WARN__DUPLICATE_METHOD_MATCH = YES;
				COPY_PHASE_STRIP = NO;
				DEBUG_INFORMATION_FORMAT = "dwarf-with-dsym";
				ENABLE_NS_ASSERTIONS = NO;
				ENABLE_STRICT_OBJC_MSGSEND = YES;
				GCC_C_LANGUAGE_STANDARD = gnu11;
				GCC_NO_COMMON_BLOCKS = YES;
				GCC_WARN_64_TO_32_BIT_CONVERSION = YES;
				GCC_WARN_ABOUT_RETURN_TYPE = YES_ERROR;
				GCC_WARN_UNDECLARED_SELECTOR = YES;
				GCC_WARN_UNINITIALIZED_AUTOS = YES_AGGRESSIVE;
				GCC_WARN_UNUSED_FUNCTION = YES;
				GCC_WARN_UNUSED_VARIABLE = YES;
				IPHONEOS_DEPLOYMENT_TARGET = 16.4;
				MTL_ENABLE_DEBUG_INFO = NO;
				MTL_FAST_MATH = YES;
				SDKROOT = iphoneos;
				SWIFT_COMPILATION_MODE = wholemodule;
				SWIFT_OPTIMIZATION_LEVEL = "-O";
				VALIDATE_PRODUCT = YES;
			};
			name = Release;
		};
		908E3E142D841F9500D795DF /* Debug */ = {
			isa = XCBuildConfiguration;
			baseConfigurationReference = EA8D4461FE9E6BB350AC77B5 /* Pods-Posts.debug.xcconfig */;
			buildSettings = {
				API_BASE_URL = "https://dummyjson.com";
				ASSETCATALOG_COMPILER_APPICON_NAME = AppIcon;
				ASSETCATALOG_COMPILER_GLOBAL_ACCENT_COLOR_NAME = AccentColor;
				CODE_SIGN_STYLE = Automatic;
				CURRENT_PROJECT_VERSION = 1;
				GENERATE_INFOPLIST_FILE = YES;
				INFOPLIST_FILE = Posts/Resources/Info.plist;
				INFOPLIST_KEY_UIApplicationSupportsIndirectInputEvents = YES;
				INFOPLIST_KEY_UILaunchStoryboardName = LaunchScreen;
				INFOPLIST_KEY_UIMainStoryboardFile = Main;
				INFOPLIST_KEY_UISupportedInterfaceOrientations = UIInterfaceOrientationPortrait;
				IPHONEOS_DEPLOYMENT_TARGET = 15.0;
				LD_RUNPATH_SEARCH_PATHS = (
					"$(inherited)",
					"@executable_path/Frameworks",
				);
				MARKETING_VERSION = 1.0;
				PRODUCT_BUNDLE_IDENTIFIER = "coms.m-m-m.Posts";
				PRODUCT_NAME = "$(TARGET_NAME)";
				SWIFT_EMIT_LOC_STRINGS = YES;
				SWIFT_VERSION = 5.0;
				TARGETED_DEVICE_FAMILY = "1,2";
			};
			name = Debug;
		};
		908E3E152D841F9500D795DF /* Release */ = {
			isa = XCBuildConfiguration;
			baseConfigurationReference = CA99135FD33052035C31186F /* Pods-Posts.release.xcconfig */;
			buildSettings = {
				API_BASE_URL = "https://dummyjson.com";
				ASSETCATALOG_COMPILER_APPICON_NAME = AppIcon;
				ASSETCATALOG_COMPILER_GLOBAL_ACCENT_COLOR_NAME = AccentColor;
				CODE_SIGN_STYLE = Automatic;
				CURRENT_PROJECT_VERSION = 1;
				GENERATE_INFOPLIST_FILE = YES;
				INFOPLIST_FILE = Posts/Resources/Info.plist;
				INFOPLIST_KEY_UIApplicationSupportsIndirectInputEvents = YES;
				INFOPLIST_KEY_UILaunchStoryboardName = LaunchScreen;
				INFOPLIST_KEY_UIMainStoryboardFile = Main;
				INFOPLIST_KEY_UISupportedInterfaceOrientations = UIInterfaceOrientationPortrait;
				IPHONEOS_DEPLOYMENT_TARGET = 15.0;
				LD_RUNPATH_SEARCH_PATHS = (
					"$(inherited)",
					"@executable_path/Frameworks",
				);
				MARKETING_VERSION = 1.0;
				PRODUCT_BUNDLE_IDENTIFIER = "coms.m-m-m.Posts";
				PRODUCT_NAME = "$(TARGET_NAME)";
				SWIFT_EMIT_LOC_STRINGS = YES;
				SWIFT_VERSION = 5.0;
				TARGETED_DEVICE_FAMILY = "1,2";
			};
			name = Release;
		};
		908E3E172D841F9500D795DF /* Debug */ = {
			isa = XCBuildConfiguration;
			baseConfigurationReference = 46F853E402E9128A44F1E509 /* Pods-PostsTests.debug.xcconfig */;
			buildSettings = {
				ALWAYS_EMBED_SWIFT_STANDARD_LIBRARIES = YES;
				BUNDLE_LOADER = "$(TEST_HOST)";
				CODE_SIGN_STYLE = Automatic;
				CURRENT_PROJECT_VERSION = 1;
				GENERATE_INFOPLIST_FILE = YES;
				IPHONEOS_DEPLOYMENT_TARGET = 16.4;
				MARKETING_VERSION = 1.0;
				PRODUCT_BUNDLE_IDENTIFIER = "coms.m-m-m.PostsTests";
				PRODUCT_NAME = "$(TARGET_NAME)";
				SWIFT_EMIT_LOC_STRINGS = NO;
				SWIFT_VERSION = 5.0;
				TARGETED_DEVICE_FAMILY = "1,2";
				TEST_HOST = "$(BUILT_PRODUCTS_DIR)/Posts.app/$(BUNDLE_EXECUTABLE_FOLDER_PATH)/Posts";
			};
			name = Debug;
		};
		908E3E182D841F9500D795DF /* Release */ = {
			isa = XCBuildConfiguration;
			baseConfigurationReference = 4DCC6910FAA37712D636C0A0 /* Pods-PostsTests.release.xcconfig */;
			buildSettings = {
				ALWAYS_EMBED_SWIFT_STANDARD_LIBRARIES = YES;
				BUNDLE_LOADER = "$(TEST_HOST)";
				CODE_SIGN_STYLE = Automatic;
				CURRENT_PROJECT_VERSION = 1;
				GENERATE_INFOPLIST_FILE = YES;
				IPHONEOS_DEPLOYMENT_TARGET = 16.4;
				MARKETING_VERSION = 1.0;
				PRODUCT_BUNDLE_IDENTIFIER = "coms.m-m-m.PostsTests";
				PRODUCT_NAME = "$(TARGET_NAME)";
				SWIFT_EMIT_LOC_STRINGS = NO;
				SWIFT_VERSION = 5.0;
				TARGETED_DEVICE_FAMILY = "1,2";
				TEST_HOST = "$(BUILT_PRODUCTS_DIR)/Posts.app/$(BUNDLE_EXECUTABLE_FOLDER_PATH)/Posts";
			};
			name = Release;
		};
		908E3E1A2D841F9500D795DF /* Debug */ = {
			isa = XCBuildConfiguration;
			baseConfigurationReference = 84810BAAA0A82840167A9D56 /* Pods-Posts-PostsUITests.debug.xcconfig */;
			buildSettings = {
				ALWAYS_EMBED_SWIFT_STANDARD_LIBRARIES = YES;
				CODE_SIGN_STYLE = Automatic;
				CURRENT_PROJECT_VERSION = 1;
				GENERATE_INFOPLIST_FILE = YES;
				MARKETING_VERSION = 1.0;
				PRODUCT_BUNDLE_IDENTIFIER = "coms.m-m-m.PostsUITests";
				PRODUCT_NAME = "$(TARGET_NAME)";
				SWIFT_EMIT_LOC_STRINGS = NO;
				SWIFT_VERSION = 5.0;
				TARGETED_DEVICE_FAMILY = "1,2";
				TEST_TARGET_NAME = Posts;
			};
			name = Debug;
		};
		908E3E1B2D841F9500D795DF /* Release */ = {
			isa = XCBuildConfiguration;
			baseConfigurationReference = 15CA91D93C3DDE08A5FB98CF /* Pods-Posts-PostsUITests.release.xcconfig */;
			buildSettings = {
				ALWAYS_EMBED_SWIFT_STANDARD_LIBRARIES = YES;
				CODE_SIGN_STYLE = Automatic;
				CURRENT_PROJECT_VERSION = 1;
				GENERATE_INFOPLIST_FILE = YES;
				MARKETING_VERSION = 1.0;
				PRODUCT_BUNDLE_IDENTIFIER = "coms.m-m-m.PostsUITests";
				PRODUCT_NAME = "$(TARGET_NAME)";
				SWIFT_EMIT_LOC_STRINGS = NO;
				SWIFT_VERSION = 5.0;
				TARGETED_DEVICE_FAMILY = "1,2";
				TEST_TARGET_NAME = Posts;
			};
			name = Release;
		};
/* End XCBuildConfiguration section */

/* Begin XCConfigurationList section */
		908E3DE42D841F9300D795DF /* Build configuration list for PBXProject "Posts" */ = {
			isa = XCConfigurationList;
			buildConfigurations = (
				908E3E112D841F9500D795DF /* Debug */,
				908E3E122D841F9500D795DF /* Release */,
			);
			defaultConfigurationIsVisible = 0;
			defaultConfigurationName = Release;
		};
		908E3E132D841F9500D795DF /* Build configuration list for PBXNativeTarget "Posts" */ = {
			isa = XCConfigurationList;
			buildConfigurations = (
				908E3E142D841F9500D795DF /* Debug */,
				908E3E152D841F9500D795DF /* Release */,
			);
			defaultConfigurationIsVisible = 0;
			defaultConfigurationName = Release;
		};
		908E3E162D841F9500D795DF /* Build configuration list for PBXNativeTarget "PostsTests" */ = {
			isa = XCConfigurationList;
			buildConfigurations = (
				908E3E172D841F9500D795DF /* Debug */,
				908E3E182D841F9500D795DF /* Release */,
			);
			defaultConfigurationIsVisible = 0;
			defaultConfigurationName = Release;
		};
		908E3E192D841F9500D795DF /* Build configuration list for PBXNativeTarget "PostsUITests" */ = {
			isa = XCConfigurationList;
			buildConfigurations = (
				908E3E1A2D841F9500D795DF /* Debug */,
				908E3E1B2D841F9500D795DF /* Release */,
			);
			defaultConfigurationIsVisible = 0;
			defaultConfigurationName = Release;
		};
/* End XCConfigurationList section */

/* Begin XCVersionGroup section */
		9063B7DB2D8896BA0096F963 /* CoreDataStorage.xcdatamodeld */ = {
			isa = XCVersionGroup;
			children = (
				9063B7DC2D8896BA0096F963 /* CoreDataStorage.xcdatamodel */,
			);
			currentVersion = 9063B7DC2D8896BA0096F963 /* CoreDataStorage.xcdatamodel */;
			path = CoreDataStorage.xcdatamodeld;
			sourceTree = "<group>";
			versionGroupType = wrapper.xcdatamodel;
		};
/* End XCVersionGroup section */
	};
	rootObject = 908E3DE12D841F9300D795DF /* Project object */;
}
